// !$*UTF8*$!
{
	archiveVersion = 1;
	classes = {
	};
	objectVersion = 56;
	objects = {

/* Begin PBXBuildFile section */
		B90A458F2A17F6FC0015C1B6 /* CrossKitTypes in Frameworks */ = {isa = PBXBuildFile; productRef = B90A458E2A17F6FC0015C1B6 /* CrossKitTypes */; };
		B90A45922A17F7260015C1B6 /* OptionalTools in Frameworks */ = {isa = PBXBuildFile; productRef = B90A45912A17F7260015C1B6 /* OptionalTools */; };
		B90A45952A17F7530015C1B6 /* SafePointer in Frameworks */ = {isa = PBXBuildFile; productRef = B90A45942A17F7530015C1B6 /* SafePointer */; };
		B90A45972A17F8810015C1B6 /* OnboardingSectionView.swift in Sources */ = {isa = PBXBuildFile; fileRef = B90A45962A17F8810015C1B6 /* OnboardingSectionView.swift */; };
		B90A459A2A17FACE0015C1B6 /* BasicMathTools in Frameworks */ = {isa = PBXBuildFile; productRef = B90A45992A17FACE0015C1B6 /* BasicMathTools */; };
		B90A459C2A17FF470015C1B6 /* ThankYouForYourConsideration.swift in Sources */ = {isa = PBXBuildFile; fileRef = B90A459B2A17FF470015C1B6 /* ThankYouForYourConsideration.swift */; };
		B90A459F2A1800640015C1B6 /* WelcomeScreen.swift in Sources */ = {isa = PBXBuildFile; fileRef = B90A459E2A1800640015C1B6 /* WelcomeScreen.swift */; };
		B90A45A22A1800F90015C1B6 /* Branding.swift in Sources */ = {isa = PBXBuildFile; fileRef = B90A45A12A1800F90015C1B6 /* Branding.swift */; };
		B90A45A52A1804160015C1B6 /* Font + Design System.swift in Sources */ = {isa = PBXBuildFile; fileRef = B90A45A42A1804160015C1B6 /* Font + Design System.swift */; };
		B90A45AB2A1824CF0015C1B6 /* SerializationTools in Frameworks */ = {isa = PBXBuildFile; productRef = B90A45AA2A1824CF0015C1B6 /* SerializationTools */; };
		B90A45B22A1833E60015C1B6 /* OnboardingScreen + NavigationPath.swift in Sources */ = {isa = PBXBuildFile; fileRef = B90A45B12A1833E60015C1B6 /* OnboardingScreen + NavigationPath.swift */; };
		B90A45B42A1834D30015C1B6 /* InviteCodeScreen.swift in Sources */ = {isa = PBXBuildFile; fileRef = B90A45B32A1834D30015C1B6 /* InviteCodeScreen.swift */; };
		B90A45B62A1839A50015C1B6 /* TextField + Design System.swift in Sources */ = {isa = PBXBuildFile; fileRef = B90A45B52A1839A50015C1B6 /* TextField + Design System.swift */; };
		B90A45B82A183DF10015C1B6 /* Button + Design System.swift in Sources */ = {isa = PBXBuildFile; fileRef = B90A45B72A183DF10015C1B6 /* Button + Design System.swift */; };
		B9DFB3492A17F53F00D18E0B /* Assets.xcassets in Resources */ = {isa = PBXBuildFile; fileRef = B9DFB3482A17F53F00D18E0B /* Assets.xcassets */; };
		B9DFB34D2A17F53F00D18E0B /* Preview Assets.xcassets in Resources */ = {isa = PBXBuildFile; fileRef = B9DFB34C2A17F53F00D18E0B /* Preview Assets.xcassets */; };
		B9DFB3572A17F53F00D18E0B /* BentTests.swift in Sources */ = {isa = PBXBuildFile; fileRef = B9DFB3562A17F53F00D18E0B /* BentTests.swift */; };
		B9DFB3612A17F53F00D18E0B /* BentUITests.swift in Sources */ = {isa = PBXBuildFile; fileRef = B9DFB3602A17F53F00D18E0B /* BentUITests.swift */; };
		B9DFB3632A17F53F00D18E0B /* BentUITestsLaunchTests.swift in Sources */ = {isa = PBXBuildFile; fileRef = B9DFB3622A17F53F00D18E0B /* BentUITestsLaunchTests.swift */; };
		B9DFB3852A17F5A200D18E0B /* UserDefaults + conveniences.swift in Sources */ = {isa = PBXBuildFile; fileRef = B9DFB3712A17F5A200D18E0B /* UserDefaults + conveniences.swift */; };
		B9DFB3862A17F5A200D18E0B /* App.swift in Sources */ = {isa = PBXBuildFile; fileRef = B9DFB3722A17F5A200D18E0B /* App.swift */; };
		B9DFB3872A17F5A200D18E0B /* ContentView.swift in Sources */ = {isa = PBXBuildFile; fileRef = B9DFB3742A17F5A200D18E0B /* ContentView.swift */; };
		B9DFB3882A17F5A200D18E0B /* resync.swift in Sources */ = {isa = PBXBuildFile; fileRef = B9DFB3762A17F5A200D18E0B /* resync.swift */; };
		B9DFB3892A17F5A200D18E0B /* DispatchSemaphore + sugar.swift in Sources */ = {isa = PBXBuildFile; fileRef = B9DFB3772A17F5A200D18E0B /* DispatchSemaphore + sugar.swift */; };
		B9DFB38A2A17F5A200D18E0B /* Preview Assets.xcassets in Resources */ = {isa = PBXBuildFile; fileRef = B9DFB3792A17F5A200D18E0B /* Preview Assets.xcassets */; };
		B9DFB38B2A17F5A300D18E0B /* CommunityId.swift in Sources */ = {isa = PBXBuildFile; fileRef = B9DFB37B2A17F5A200D18E0B /* CommunityId.swift */; };
		B9DFB38C2A17F5A300D18E0B /* OnboardingScreen.swift in Sources */ = {isa = PBXBuildFile; fileRef = B9DFB37D2A17F5A200D18E0B /* OnboardingScreen.swift */; };
		B9DFB38D2A17F5A300D18E0B /* OnboardingProgress.swift in Sources */ = {isa = PBXBuildFile; fileRef = B9DFB37E2A17F5A200D18E0B /* OnboardingProgress.swift */; };
		B9DFB38E2A17F5A300D18E0B /* AppSection.swift in Sources */ = {isa = PBXBuildFile; fileRef = B9DFB37F2A17F5A200D18E0B /* AppSection.swift */; };
		B9DFB38F2A17F5A300D18E0B /* SerializableKeys.swift in Sources */ = {isa = PBXBuildFile; fileRef = B9DFB3812A17F5A200D18E0B /* SerializableKeys.swift */; };
		B9DFB3902A17F5A300D18E0B /* SerializationManager.swift in Sources */ = {isa = PBXBuildFile; fileRef = B9DFB3822A17F5A200D18E0B /* SerializationManager.swift */; };
		B9DFB3912A17F5A300D18E0B /* UserProfile.swift in Sources */ = {isa = PBXBuildFile; fileRef = B9DFB3842A17F5A200D18E0B /* UserProfile.swift */; };
		B9DFB3952A17F61100D18E0B /* GenderTools in Frameworks */ = {isa = PBXBuildFile; productRef = B9DFB3942A17F61100D18E0B /* GenderTools */; };
		B9DFB3982A17F62300D18E0B /* SimpleLogging in Frameworks */ = {isa = PBXBuildFile; productRef = B9DFB3972A17F62300D18E0B /* SimpleLogging */; };
/* End PBXBuildFile section */

/* Begin PBXContainerItemProxy section */
		B9DFB3532A17F53F00D18E0B /* PBXContainerItemProxy */ = {
			isa = PBXContainerItemProxy;
			containerPortal = B9DFB3392A17F53E00D18E0B /* Project object */;
			proxyType = 1;
			remoteGlobalIDString = B9DFB3402A17F53E00D18E0B;
			remoteInfo = Bent;
		};
		B9DFB35D2A17F53F00D18E0B /* PBXContainerItemProxy */ = {
			isa = PBXContainerItemProxy;
			containerPortal = B9DFB3392A17F53E00D18E0B /* Project object */;
			proxyType = 1;
			remoteGlobalIDString = B9DFB3402A17F53E00D18E0B;
			remoteInfo = Bent;
		};
/* End PBXContainerItemProxy section */

/* Begin PBXFileReference section */
		B90A45962A17F8810015C1B6 /* OnboardingSectionView.swift */ = {isa = PBXFileReference; lastKnownFileType = sourcecode.swift; path = OnboardingSectionView.swift; sourceTree = "<group>"; };
		B90A459B2A17FF470015C1B6 /* ThankYouForYourConsideration.swift */ = {isa = PBXFileReference; lastKnownFileType = sourcecode.swift; path = ThankYouForYourConsideration.swift; sourceTree = "<group>"; };
		B90A459E2A1800640015C1B6 /* WelcomeScreen.swift */ = {isa = PBXFileReference; lastKnownFileType = sourcecode.swift; path = WelcomeScreen.swift; sourceTree = "<group>"; };
		B90A45A12A1800F90015C1B6 /* Branding.swift */ = {isa = PBXFileReference; lastKnownFileType = sourcecode.swift; path = Branding.swift; sourceTree = "<group>"; };
		B90A45A42A1804160015C1B6 /* Font + Design System.swift */ = {isa = PBXFileReference; lastKnownFileType = sourcecode.swift; path = "Font + Design System.swift"; sourceTree = "<group>"; };
		B90A45B12A1833E60015C1B6 /* OnboardingScreen + NavigationPath.swift */ = {isa = PBXFileReference; lastKnownFileType = sourcecode.swift; path = "OnboardingScreen + NavigationPath.swift"; sourceTree = "<group>"; };
		B90A45B32A1834D30015C1B6 /* InviteCodeScreen.swift */ = {isa = PBXFileReference; lastKnownFileType = sourcecode.swift; path = InviteCodeScreen.swift; sourceTree = "<group>"; };
		B90A45B52A1839A50015C1B6 /* TextField + Design System.swift */ = {isa = PBXFileReference; lastKnownFileType = sourcecode.swift; path = "TextField + Design System.swift"; sourceTree = "<group>"; };
		B90A45B72A183DF10015C1B6 /* Button + Design System.swift */ = {isa = PBXFileReference; lastKnownFileType = sourcecode.swift; path = "Button + Design System.swift"; sourceTree = "<group>"; };
		B9DFB3412A17F53E00D18E0B /* Bent.app */ = {isa = PBXFileReference; explicitFileType = wrapper.application; includeInIndex = 0; path = Bent.app; sourceTree = BUILT_PRODUCTS_DIR; };
		B9DFB3482A17F53F00D18E0B /* Assets.xcassets */ = {isa = PBXFileReference; lastKnownFileType = folder.assetcatalog; path = Assets.xcassets; sourceTree = "<group>"; };
		B9DFB34A2A17F53F00D18E0B /* Bent.entitlements */ = {isa = PBXFileReference; lastKnownFileType = text.plist.entitlements; path = Bent.entitlements; sourceTree = "<group>"; };
		B9DFB34C2A17F53F00D18E0B /* Preview Assets.xcassets */ = {isa = PBXFileReference; lastKnownFileType = folder.assetcatalog; path = "Preview Assets.xcassets"; sourceTree = "<group>"; };
		B9DFB3522A17F53F00D18E0B /* BentTests.xctest */ = {isa = PBXFileReference; explicitFileType = wrapper.cfbundle; includeInIndex = 0; path = BentTests.xctest; sourceTree = BUILT_PRODUCTS_DIR; };
		B9DFB3562A17F53F00D18E0B /* BentTests.swift */ = {isa = PBXFileReference; lastKnownFileType = sourcecode.swift; path = BentTests.swift; sourceTree = "<group>"; };
		B9DFB35C2A17F53F00D18E0B /* BentUITests.xctest */ = {isa = PBXFileReference; explicitFileType = wrapper.cfbundle; includeInIndex = 0; path = BentUITests.xctest; sourceTree = BUILT_PRODUCTS_DIR; };
		B9DFB3602A17F53F00D18E0B /* BentUITests.swift */ = {isa = PBXFileReference; lastKnownFileType = sourcecode.swift; path = BentUITests.swift; sourceTree = "<group>"; };
		B9DFB3622A17F53F00D18E0B /* BentUITestsLaunchTests.swift */ = {isa = PBXFileReference; lastKnownFileType = sourcecode.swift; path = BentUITestsLaunchTests.swift; sourceTree = "<group>"; };
		B9DFB3712A17F5A200D18E0B /* UserDefaults + conveniences.swift */ = {isa = PBXFileReference; fileEncoding = 4; lastKnownFileType = sourcecode.swift; path = "UserDefaults + conveniences.swift"; sourceTree = "<group>"; };
		B9DFB3722A17F5A200D18E0B /* App.swift */ = {isa = PBXFileReference; fileEncoding = 4; lastKnownFileType = sourcecode.swift; path = App.swift; sourceTree = "<group>"; };
		B9DFB3742A17F5A200D18E0B /* ContentView.swift */ = {isa = PBXFileReference; fileEncoding = 4; lastKnownFileType = sourcecode.swift; path = ContentView.swift; sourceTree = "<group>"; };
		B9DFB3762A17F5A200D18E0B /* resync.swift */ = {isa = PBXFileReference; fileEncoding = 4; lastKnownFileType = sourcecode.swift; path = resync.swift; sourceTree = "<group>"; };
		B9DFB3772A17F5A200D18E0B /* DispatchSemaphore + sugar.swift */ = {isa = PBXFileReference; fileEncoding = 4; lastKnownFileType = sourcecode.swift; path = "DispatchSemaphore + sugar.swift"; sourceTree = "<group>"; };
		B9DFB3792A17F5A200D18E0B /* Preview Assets.xcassets */ = {isa = PBXFileReference; lastKnownFileType = folder.assetcatalog; path = "Preview Assets.xcassets"; sourceTree = "<group>"; };
		B9DFB37B2A17F5A200D18E0B /* CommunityId.swift */ = {isa = PBXFileReference; fileEncoding = 4; lastKnownFileType = sourcecode.swift; path = CommunityId.swift; sourceTree = "<group>"; };
		B9DFB37D2A17F5A200D18E0B /* OnboardingScreen.swift */ = {isa = PBXFileReference; fileEncoding = 4; lastKnownFileType = sourcecode.swift; path = OnboardingScreen.swift; sourceTree = "<group>"; };
		B9DFB37E2A17F5A200D18E0B /* OnboardingProgress.swift */ = {isa = PBXFileReference; fileEncoding = 4; lastKnownFileType = sourcecode.swift; path = OnboardingProgress.swift; sourceTree = "<group>"; };
		B9DFB37F2A17F5A200D18E0B /* AppSection.swift */ = {isa = PBXFileReference; fileEncoding = 4; lastKnownFileType = sourcecode.swift; path = AppSection.swift; sourceTree = "<group>"; };
		B9DFB3812A17F5A200D18E0B /* SerializableKeys.swift */ = {isa = PBXFileReference; fileEncoding = 4; lastKnownFileType = sourcecode.swift; path = SerializableKeys.swift; sourceTree = "<group>"; };
		B9DFB3822A17F5A200D18E0B /* SerializationManager.swift */ = {isa = PBXFileReference; fileEncoding = 4; lastKnownFileType = sourcecode.swift; path = SerializationManager.swift; sourceTree = "<group>"; };
		B9DFB3842A17F5A200D18E0B /* UserProfile.swift */ = {isa = PBXFileReference; fileEncoding = 4; lastKnownFileType = sourcecode.swift; path = UserProfile.swift; sourceTree = "<group>"; };
/* End PBXFileReference section */

/* Begin PBXFrameworksBuildPhase section */
		B9DFB33E2A17F53E00D18E0B /* Frameworks */ = {
			isa = PBXFrameworksBuildPhase;
			buildActionMask = 2147483647;
			files = (
				B90A45952A17F7530015C1B6 /* SafePointer in Frameworks */,
				B90A459A2A17FACE0015C1B6 /* BasicMathTools in Frameworks */,
				B90A45922A17F7260015C1B6 /* OptionalTools in Frameworks */,
				B90A458F2A17F6FC0015C1B6 /* CrossKitTypes in Frameworks */,
				B9DFB3982A17F62300D18E0B /* SimpleLogging in Frameworks */,
				B9DFB3952A17F61100D18E0B /* GenderTools in Frameworks */,
				B90A45AB2A1824CF0015C1B6 /* SerializationTools in Frameworks */,
			);
			runOnlyForDeploymentPostprocessing = 0;
		};
		B9DFB34F2A17F53F00D18E0B /* Frameworks */ = {
			isa = PBXFrameworksBuildPhase;
			buildActionMask = 2147483647;
			files = (
			);
			runOnlyForDeploymentPostprocessing = 0;
		};
		B9DFB3592A17F53F00D18E0B /* Frameworks */ = {
			isa = PBXFrameworksBuildPhase;
			buildActionMask = 2147483647;
			files = (
			);
			runOnlyForDeploymentPostprocessing = 0;
		};
/* End PBXFrameworksBuildPhase section */

/* Begin PBXGroup section */
		B90A459D2A18005A0015C1B6 /* Onboarding */ = {
			isa = PBXGroup;
			children = (
				B90A45962A17F8810015C1B6 /* OnboardingSectionView.swift */,
				B90A459E2A1800640015C1B6 /* WelcomeScreen.swift */,
				B90A45B32A1834D30015C1B6 /* InviteCodeScreen.swift */,
			);
			path = Onboarding;
			sourceTree = "<group>";
		};
		B90A45A02A1800D50015C1B6 /* Branding */ = {
			isa = PBXGroup;
			children = (
				B90A45A12A1800F90015C1B6 /* Branding.swift */,
			);
			path = Branding;
			sourceTree = "<group>";
		};
		B90A45A32A18040A0015C1B6 /* Design */ = {
			isa = PBXGroup;
			children = (
				B90A45A42A1804160015C1B6 /* Font + Design System.swift */,
				B90A45B52A1839A50015C1B6 /* TextField + Design System.swift */,
				B90A45B72A183DF10015C1B6 /* Button + Design System.swift */,
			);
			path = Design;
			sourceTree = "<group>";
		};
		B9DFB3382A17F53E00D18E0B = {
			isa = PBXGroup;
			children = (
				B9DFB3432A17F53E00D18E0B /* Bent */,
				B9DFB3552A17F53F00D18E0B /* BentTests */,
				B9DFB35F2A17F53F00D18E0B /* BentUITests */,
				B9DFB3422A17F53E00D18E0B /* Products */,
			);
			sourceTree = "<group>";
		};
		B9DFB3422A17F53E00D18E0B /* Products */ = {
			isa = PBXGroup;
			children = (
				B9DFB3412A17F53E00D18E0B /* Bent.app */,
				B9DFB3522A17F53F00D18E0B /* BentTests.xctest */,
				B9DFB35C2A17F53F00D18E0B /* BentUITests.xctest */,
			);
			name = Products;
			sourceTree = "<group>";
		};
		B9DFB3432A17F53E00D18E0B /* Bent */ = {
			isa = PBXGroup;
			children = (
				B9DFB3722A17F5A200D18E0B /* App.swift */,
				B9DFB37C2A17F5A200D18E0B /* App Navigation */,
				B9DFB3732A17F5A200D18E0B /* Views */,
				B90A45A02A1800D50015C1B6 /* Branding */,
				B90A45A32A18040A0015C1B6 /* Design */,
				B9DFB37A2A17F5A200D18E0B /* Communities */,
				B9DFB3752A17F5A200D18E0B /* Concurrency */,
				B9DFB36F2A17F5A200D18E0B /* Extensions */,
				B9DFB3782A17F5A200D18E0B /* Preview Content */,
				B9DFB3802A17F5A200D18E0B /* Serialization */,
				B9DFB3832A17F5A200D18E0B /* User data */,
				B9DFB3922A17F5AB00D18E0B /* Ancillary */,
				B9DFB34B2A17F53F00D18E0B /* Preview Content */,
			);
			path = Bent;
			sourceTree = "<group>";
		};
		B9DFB34B2A17F53F00D18E0B /* Preview Content */ = {
			isa = PBXGroup;
			children = (
				B9DFB34C2A17F53F00D18E0B /* Preview Assets.xcassets */,
			);
			path = "Preview Content";
			sourceTree = "<group>";
		};
		B9DFB3552A17F53F00D18E0B /* BentTests */ = {
			isa = PBXGroup;
			children = (
				B9DFB3562A17F53F00D18E0B /* BentTests.swift */,
			);
			path = BentTests;
			sourceTree = "<group>";
		};
		B9DFB35F2A17F53F00D18E0B /* BentUITests */ = {
			isa = PBXGroup;
			children = (
				B9DFB3602A17F53F00D18E0B /* BentUITests.swift */,
				B9DFB3622A17F53F00D18E0B /* BentUITestsLaunchTests.swift */,
			);
			path = BentUITests;
			sourceTree = "<group>";
		};
		B9DFB36F2A17F5A200D18E0B /* Extensions */ = {
			isa = PBXGroup;
			children = (
				B9DFB3702A17F5A200D18E0B /* Foundation */,
			);
			path = Extensions;
			sourceTree = "<group>";
		};
		B9DFB3702A17F5A200D18E0B /* Foundation */ = {
			isa = PBXGroup;
			children = (
				B9DFB3712A17F5A200D18E0B /* UserDefaults + conveniences.swift */,
			);
			path = Foundation;
			sourceTree = "<group>";
		};
		B9DFB3732A17F5A200D18E0B /* Views */ = {
			isa = PBXGroup;
			children = (
				B9DFB3742A17F5A200D18E0B /* ContentView.swift */,
				B90A459D2A18005A0015C1B6 /* Onboarding */,
				B90A459B2A17FF470015C1B6 /* ThankYouForYourConsideration.swift */,
			);
			path = Views;
			sourceTree = "<group>";
		};
		B9DFB3752A17F5A200D18E0B /* Concurrency */ = {
			isa = PBXGroup;
			children = (
				B9DFB3762A17F5A200D18E0B /* resync.swift */,
				B9DFB3772A17F5A200D18E0B /* DispatchSemaphore + sugar.swift */,
			);
			path = Concurrency;
			sourceTree = "<group>";
		};
		B9DFB3782A17F5A200D18E0B /* Preview Content */ = {
			isa = PBXGroup;
			children = (
				B9DFB3792A17F5A200D18E0B /* Preview Assets.xcassets */,
			);
			path = "Preview Content";
			sourceTree = "<group>";
		};
		B9DFB37A2A17F5A200D18E0B /* Communities */ = {
			isa = PBXGroup;
			children = (
				B9DFB37B2A17F5A200D18E0B /* CommunityId.swift */,
			);
			path = Communities;
			sourceTree = "<group>";
		};
		B9DFB37C2A17F5A200D18E0B /* App Navigation */ = {
			isa = PBXGroup;
			children = (
				B9DFB37D2A17F5A200D18E0B /* OnboardingScreen.swift */,
				B9DFB37E2A17F5A200D18E0B /* OnboardingProgress.swift */,
				B9DFB37F2A17F5A200D18E0B /* AppSection.swift */,
				B90A45B12A1833E60015C1B6 /* OnboardingScreen + NavigationPath.swift */,
			);
			path = "App Navigation";
			sourceTree = "<group>";
		};
		B9DFB3802A17F5A200D18E0B /* Serialization */ = {
			isa = PBXGroup;
			children = (
				B9DFB3812A17F5A200D18E0B /* SerializableKeys.swift */,
				B9DFB3822A17F5A200D18E0B /* SerializationManager.swift */,
			);
			path = Serialization;
			sourceTree = "<group>";
		};
		B9DFB3832A17F5A200D18E0B /* User data */ = {
			isa = PBXGroup;
			children = (
				B9DFB3842A17F5A200D18E0B /* UserProfile.swift */,
			);
			path = "User data";
			sourceTree = "<group>";
		};
		B9DFB3922A17F5AB00D18E0B /* Ancillary */ = {
			isa = PBXGroup;
			children = (
				B9DFB3482A17F53F00D18E0B /* Assets.xcassets */,
				B9DFB34A2A17F53F00D18E0B /* Bent.entitlements */,
			);
			name = Ancillary;
			sourceTree = "<group>";
		};
/* End PBXGroup section */

/* Begin PBXNativeTarget section */
		B9DFB3402A17F53E00D18E0B /* Bent */ = {
			isa = PBXNativeTarget;
			buildConfigurationList = B9DFB3662A17F53F00D18E0B /* Build configuration list for PBXNativeTarget "Bent" */;
			buildPhases = (
				B9DFB33D2A17F53E00D18E0B /* Sources */,
				B9DFB33E2A17F53E00D18E0B /* Frameworks */,
				B9DFB33F2A17F53E00D18E0B /* Resources */,
			);
			buildRules = (
			);
			dependencies = (
			);
			name = Bent;
			packageProductDependencies = (
				B9DFB3942A17F61100D18E0B /* GenderTools */,
				B9DFB3972A17F62300D18E0B /* SimpleLogging */,
				B90A458E2A17F6FC0015C1B6 /* CrossKitTypes */,
				B90A45912A17F7260015C1B6 /* OptionalTools */,
				B90A45942A17F7530015C1B6 /* SafePointer */,
				B90A45992A17FACE0015C1B6 /* BasicMathTools */,
				B90A45AA2A1824CF0015C1B6 /* SerializationTools */,
			);
			productName = Bent;
			productReference = B9DFB3412A17F53E00D18E0B /* Bent.app */;
			productType = "com.apple.product-type.application";
		};
		B9DFB3512A17F53F00D18E0B /* BentTests */ = {
			isa = PBXNativeTarget;
			buildConfigurationList = B9DFB3692A17F53F00D18E0B /* Build configuration list for PBXNativeTarget "BentTests" */;
			buildPhases = (
				B9DFB34E2A17F53F00D18E0B /* Sources */,
				B9DFB34F2A17F53F00D18E0B /* Frameworks */,
				B9DFB3502A17F53F00D18E0B /* Resources */,
			);
			buildRules = (
			);
			dependencies = (
				B9DFB3542A17F53F00D18E0B /* PBXTargetDependency */,
			);
			name = BentTests;
			productName = BentTests;
			productReference = B9DFB3522A17F53F00D18E0B /* BentTests.xctest */;
			productType = "com.apple.product-type.bundle.unit-test";
		};
		B9DFB35B2A17F53F00D18E0B /* BentUITests */ = {
			isa = PBXNativeTarget;
			buildConfigurationList = B9DFB36C2A17F53F00D18E0B /* Build configuration list for PBXNativeTarget "BentUITests" */;
			buildPhases = (
				B9DFB3582A17F53F00D18E0B /* Sources */,
				B9DFB3592A17F53F00D18E0B /* Frameworks */,
				B9DFB35A2A17F53F00D18E0B /* Resources */,
			);
			buildRules = (
			);
			dependencies = (
				B9DFB35E2A17F53F00D18E0B /* PBXTargetDependency */,
			);
			name = BentUITests;
			productName = BentUITests;
			productReference = B9DFB35C2A17F53F00D18E0B /* BentUITests.xctest */;
			productType = "com.apple.product-type.bundle.ui-testing";
		};
/* End PBXNativeTarget section */

/* Begin PBXProject section */
		B9DFB3392A17F53E00D18E0B /* Project object */ = {
			isa = PBXProject;
			attributes = {
				BuildIndependentTargetsInParallel = 1;
				LastSwiftUpdateCheck = 1400;
				LastUpgradeCheck = 1400;
				TargetAttributes = {
					B9DFB3402A17F53E00D18E0B = {
						CreatedOnToolsVersion = 14.0.1;
						LastSwiftMigration = 1400;
					};
					B9DFB3512A17F53F00D18E0B = {
						CreatedOnToolsVersion = 14.0.1;
						TestTargetID = B9DFB3402A17F53E00D18E0B;
					};
					B9DFB35B2A17F53F00D18E0B = {
						CreatedOnToolsVersion = 14.0.1;
						TestTargetID = B9DFB3402A17F53E00D18E0B;
					};
				};
			};
			buildConfigurationList = B9DFB33C2A17F53E00D18E0B /* Build configuration list for PBXProject "Bent" */;
			compatibilityVersion = "Xcode 14.0";
			developmentRegion = en;
			hasScannedForEncodings = 0;
			knownRegions = (
				en,
				Base,
			);
			mainGroup = B9DFB3382A17F53E00D18E0B;
			packageReferences = (
				B9DFB3932A17F61100D18E0B /* XCRemoteSwiftPackageReference "Swift-GenderTools" */,
				B9DFB3962A17F62300D18E0B /* XCRemoteSwiftPackageReference "Swift-Simple-Logging" */,
				B90A458D2A17F6FC0015C1B6 /* XCRemoteSwiftPackageReference "Swift-Cross-Kit-Types" */,
				B90A45902A17F7260015C1B6 /* XCRemoteSwiftPackageReference "Swift-Optional-Tools" */,
				B90A45932A17F7530015C1B6 /* XCRemoteSwiftPackageReference "Swift-Safe-Pointer" */,
				B90A45982A17FACE0015C1B6 /* XCRemoteSwiftPackageReference "Swift-Basic-Math-Tools" */,
				B90A45A92A1824CF0015C1B6 /* XCRemoteSwiftPackageReference "Swift-SerializationTools" */,
			);
			productRefGroup = B9DFB3422A17F53E00D18E0B /* Products */;
			projectDirPath = "";
			projectRoot = "";
			targets = (
				B9DFB3402A17F53E00D18E0B /* Bent */,
				B9DFB3512A17F53F00D18E0B /* BentTests */,
				B9DFB35B2A17F53F00D18E0B /* BentUITests */,
			);
		};
/* End PBXProject section */

/* Begin PBXResourcesBuildPhase section */
		B9DFB33F2A17F53E00D18E0B /* Resources */ = {
			isa = PBXResourcesBuildPhase;
			buildActionMask = 2147483647;
			files = (
				B9DFB34D2A17F53F00D18E0B /* Preview Assets.xcassets in Resources */,
				B9DFB38A2A17F5A200D18E0B /* Preview Assets.xcassets in Resources */,
				B9DFB3492A17F53F00D18E0B /* Assets.xcassets in Resources */,
			);
			runOnlyForDeploymentPostprocessing = 0;
		};
		B9DFB3502A17F53F00D18E0B /* Resources */ = {
			isa = PBXResourcesBuildPhase;
			buildActionMask = 2147483647;
			files = (
			);
			runOnlyForDeploymentPostprocessing = 0;
		};
		B9DFB35A2A17F53F00D18E0B /* Resources */ = {
			isa = PBXResourcesBuildPhase;
			buildActionMask = 2147483647;
			files = (
			);
			runOnlyForDeploymentPostprocessing = 0;
		};
/* End PBXResourcesBuildPhase section */

/* Begin PBXSourcesBuildPhase section */
		B9DFB33D2A17F53E00D18E0B /* Sources */ = {
			isa = PBXSourcesBuildPhase;
			buildActionMask = 2147483647;
			files = (
				B90A45A52A1804160015C1B6 /* Font + Design System.swift in Sources */,
				B90A45B22A1833E60015C1B6 /* OnboardingScreen + NavigationPath.swift in Sources */,
				B90A45B82A183DF10015C1B6 /* Button + Design System.swift in Sources */,
				B90A45972A17F8810015C1B6 /* OnboardingSectionView.swift in Sources */,
				B90A45B42A1834D30015C1B6 /* InviteCodeScreen.swift in Sources */,
				B9DFB38B2A17F5A300D18E0B /* CommunityId.swift in Sources */,
				B90A45B62A1839A50015C1B6 /* TextField + Design System.swift in Sources */,
				B9DFB3852A17F5A200D18E0B /* UserDefaults + conveniences.swift in Sources */,
				B9DFB3892A17F5A200D18E0B /* DispatchSemaphore + sugar.swift in Sources */,
				B9DFB38E2A17F5A300D18E0B /* AppSection.swift in Sources */,
				B9DFB38F2A17F5A300D18E0B /* SerializableKeys.swift in Sources */,
				B9DFB38D2A17F5A300D18E0B /* OnboardingProgress.swift in Sources */,
				B9DFB38C2A17F5A300D18E0B /* OnboardingScreen.swift in Sources */,
				B9DFB3902A17F5A300D18E0B /* SerializationManager.swift in Sources */,
				B9DFB3912A17F5A300D18E0B /* UserProfile.swift in Sources */,
				B90A459F2A1800640015C1B6 /* WelcomeScreen.swift in Sources */,
				B90A459C2A17FF470015C1B6 /* ThankYouForYourConsideration.swift in Sources */,
				B9DFB3862A17F5A200D18E0B /* App.swift in Sources */,
				B9DFB3872A17F5A200D18E0B /* ContentView.swift in Sources */,
				B90A45A22A1800F90015C1B6 /* Branding.swift in Sources */,
				B9DFB3882A17F5A200D18E0B /* resync.swift in Sources */,
			);
			runOnlyForDeploymentPostprocessing = 0;
		};
		B9DFB34E2A17F53F00D18E0B /* Sources */ = {
			isa = PBXSourcesBuildPhase;
			buildActionMask = 2147483647;
			files = (
				B9DFB3572A17F53F00D18E0B /* BentTests.swift in Sources */,
			);
			runOnlyForDeploymentPostprocessing = 0;
		};
		B9DFB3582A17F53F00D18E0B /* Sources */ = {
			isa = PBXSourcesBuildPhase;
			buildActionMask = 2147483647;
			files = (
				B9DFB3612A17F53F00D18E0B /* BentUITests.swift in Sources */,
				B9DFB3632A17F53F00D18E0B /* BentUITestsLaunchTests.swift in Sources */,
			);
			runOnlyForDeploymentPostprocessing = 0;
		};
/* End PBXSourcesBuildPhase section */

/* Begin PBXTargetDependency section */
		B9DFB3542A17F53F00D18E0B /* PBXTargetDependency */ = {
			isa = PBXTargetDependency;
			target = B9DFB3402A17F53E00D18E0B /* Bent */;
			targetProxy = B9DFB3532A17F53F00D18E0B /* PBXContainerItemProxy */;
		};
		B9DFB35E2A17F53F00D18E0B /* PBXTargetDependency */ = {
			isa = PBXTargetDependency;
			target = B9DFB3402A17F53E00D18E0B /* Bent */;
			targetProxy = B9DFB35D2A17F53F00D18E0B /* PBXContainerItemProxy */;
		};
/* End PBXTargetDependency section */

/* Begin XCBuildConfiguration section */
		B9DFB3642A17F53F00D18E0B /* Debug */ = {
			isa = XCBuildConfiguration;
			buildSettings = {
				ALWAYS_SEARCH_USER_PATHS = NO;
				CLANG_ANALYZER_NONNULL = YES;
				CLANG_ANALYZER_NUMBER_OBJECT_CONVERSION = YES_AGGRESSIVE;
				CLANG_CXX_LANGUAGE_STANDARD = "gnu++20";
				CLANG_ENABLE_MODULES = YES;
				CLANG_ENABLE_OBJC_ARC = YES;
				CLANG_ENABLE_OBJC_WEAK = YES;
				CLANG_WARN_BLOCK_CAPTURE_AUTORELEASING = YES;
				CLANG_WARN_BOOL_CONVERSION = YES;
				CLANG_WARN_COMMA = YES;
				CLANG_WARN_CONSTANT_CONVERSION = YES;
				CLANG_WARN_DEPRECATED_OBJC_IMPLEMENTATIONS = YES;
				CLANG_WARN_DIRECT_OBJC_ISA_USAGE = YES_ERROR;
				CLANG_WARN_DOCUMENTATION_COMMENTS = YES;
				CLANG_WARN_EMPTY_BODY = YES;
				CLANG_WARN_ENUM_CONVERSION = YES;
				CLANG_WARN_INFINITE_RECURSION = YES;
				CLANG_WARN_INT_CONVERSION = YES;
				CLANG_WARN_NON_LITERAL_NULL_CONVERSION = YES;
				CLANG_WARN_OBJC_IMPLICIT_RETAIN_SELF = YES;
				CLANG_WARN_OBJC_LITERAL_CONVERSION = YES;
				CLANG_WARN_OBJC_ROOT_CLASS = YES_ERROR;
				CLANG_WARN_QUOTED_INCLUDE_IN_FRAMEWORK_HEADER = YES;
				CLANG_WARN_RANGE_LOOP_ANALYSIS = YES;
				CLANG_WARN_STRICT_PROTOTYPES = YES;
				CLANG_WARN_SUSPICIOUS_MOVE = YES;
				CLANG_WARN_UNGUARDED_AVAILABILITY = YES_AGGRESSIVE;
				CLANG_WARN_UNREACHABLE_CODE = YES;
				CLANG_WARN__DUPLICATE_METHOD_MATCH = YES;
				COPY_PHASE_STRIP = NO;
				DEBUG_INFORMATION_FORMAT = dwarf;
				ENABLE_STRICT_OBJC_MSGSEND = YES;
				ENABLE_TESTABILITY = YES;
				GCC_C_LANGUAGE_STANDARD = gnu11;
				GCC_DYNAMIC_NO_PIC = NO;
				GCC_NO_COMMON_BLOCKS = YES;
				GCC_OPTIMIZATION_LEVEL = 0;
				GCC_PREPROCESSOR_DEFINITIONS = (
					"DEBUG=1",
					"$(inherited)",
				);
				GCC_WARN_64_TO_32_BIT_CONVERSION = YES;
				GCC_WARN_ABOUT_RETURN_TYPE = YES_ERROR;
				GCC_WARN_UNDECLARED_SELECTOR = YES;
				GCC_WARN_UNINITIALIZED_AUTOS = YES_AGGRESSIVE;
				GCC_WARN_UNUSED_FUNCTION = YES;
				GCC_WARN_UNUSED_VARIABLE = YES;
				MTL_ENABLE_DEBUG_INFO = INCLUDE_SOURCE;
				MTL_FAST_MATH = YES;
				ONLY_ACTIVE_ARCH = YES;
				SWIFT_ACTIVE_COMPILATION_CONDITIONS = DEBUG;
				SWIFT_OPTIMIZATION_LEVEL = "-Onone";
			};
			name = Debug;
		};
		B9DFB3652A17F53F00D18E0B /* Release */ = {
			isa = XCBuildConfiguration;
			buildSettings = {
				ALWAYS_SEARCH_USER_PATHS = NO;
				CLANG_ANALYZER_NONNULL = YES;
				CLANG_ANALYZER_NUMBER_OBJECT_CONVERSION = YES_AGGRESSIVE;
				CLANG_CXX_LANGUAGE_STANDARD = "gnu++20";
				CLANG_ENABLE_MODULES = YES;
				CLANG_ENABLE_OBJC_ARC = YES;
				CLANG_ENABLE_OBJC_WEAK = YES;
				CLANG_WARN_BLOCK_CAPTURE_AUTORELEASING = YES;
				CLANG_WARN_BOOL_CONVERSION = YES;
				CLANG_WARN_COMMA = YES;
				CLANG_WARN_CONSTANT_CONVERSION = YES;
				CLANG_WARN_DEPRECATED_OBJC_IMPLEMENTATIONS = YES;
				CLANG_WARN_DIRECT_OBJC_ISA_USAGE = YES_ERROR;
				CLANG_WARN_DOCUMENTATION_COMMENTS = YES;
				CLANG_WARN_EMPTY_BODY = YES;
				CLANG_WARN_ENUM_CONVERSION = YES;
				CLANG_WARN_INFINITE_RECURSION = YES;
				CLANG_WARN_INT_CONVERSION = YES;
				CLANG_WARN_NON_LITERAL_NULL_CONVERSION = YES;
				CLANG_WARN_OBJC_IMPLICIT_RETAIN_SELF = YES;
				CLANG_WARN_OBJC_LITERAL_CONVERSION = YES;
				CLANG_WARN_OBJC_ROOT_CLASS = YES_ERROR;
				CLANG_WARN_QUOTED_INCLUDE_IN_FRAMEWORK_HEADER = YES;
				CLANG_WARN_RANGE_LOOP_ANALYSIS = YES;
				CLANG_WARN_STRICT_PROTOTYPES = YES;
				CLANG_WARN_SUSPICIOUS_MOVE = YES;
				CLANG_WARN_UNGUARDED_AVAILABILITY = YES_AGGRESSIVE;
				CLANG_WARN_UNREACHABLE_CODE = YES;
				CLANG_WARN__DUPLICATE_METHOD_MATCH = YES;
				COPY_PHASE_STRIP = NO;
				DEBUG_INFORMATION_FORMAT = "dwarf-with-dsym";
				ENABLE_NS_ASSERTIONS = NO;
				ENABLE_STRICT_OBJC_MSGSEND = YES;
				GCC_C_LANGUAGE_STANDARD = gnu11;
				GCC_NO_COMMON_BLOCKS = YES;
				GCC_WARN_64_TO_32_BIT_CONVERSION = YES;
				GCC_WARN_ABOUT_RETURN_TYPE = YES_ERROR;
				GCC_WARN_UNDECLARED_SELECTOR = YES;
				GCC_WARN_UNINITIALIZED_AUTOS = YES_AGGRESSIVE;
				GCC_WARN_UNUSED_FUNCTION = YES;
				GCC_WARN_UNUSED_VARIABLE = YES;
				MTL_ENABLE_DEBUG_INFO = NO;
				MTL_FAST_MATH = YES;
				SWIFT_COMPILATION_MODE = wholemodule;
				SWIFT_OPTIMIZATION_LEVEL = "-O";
			};
			name = Release;
		};
		B9DFB3672A17F53F00D18E0B /* Debug */ = {
			isa = XCBuildConfiguration;
			buildSettings = {
				ASSETCATALOG_COMPILER_APPICON_NAME = AppIcon;
				ASSETCATALOG_COMPILER_GLOBAL_ACCENT_COLOR_NAME = AccentColor;
				CLANG_ENABLE_MODULES = YES;
				CODE_SIGN_ENTITLEMENTS = Bent/Bent.entitlements;
				CODE_SIGN_STYLE = Automatic;
				CURRENT_PROJECT_VERSION = 1;
				DEVELOPMENT_ASSET_PATHS = "\"Bent/Preview Content\"";
				DEVELOPMENT_TEAM = 26V9MK8TGP;
				ENABLE_HARDENED_RUNTIME = YES;
				ENABLE_PREVIEWS = YES;
				GENERATE_INFOPLIST_FILE = YES;
				"INFOPLIST_KEY_UIApplicationSceneManifest_Generation[sdk=iphoneos*]" = YES;
				"INFOPLIST_KEY_UIApplicationSceneManifest_Generation[sdk=iphonesimulator*]" = YES;
				"INFOPLIST_KEY_UIApplicationSupportsIndirectInputEvents[sdk=iphoneos*]" = YES;
				"INFOPLIST_KEY_UIApplicationSupportsIndirectInputEvents[sdk=iphonesimulator*]" = YES;
				"INFOPLIST_KEY_UILaunchScreen_Generation[sdk=iphoneos*]" = YES;
				"INFOPLIST_KEY_UILaunchScreen_Generation[sdk=iphonesimulator*]" = YES;
				"INFOPLIST_KEY_UIStatusBarStyle[sdk=iphoneos*]" = UIStatusBarStyleDefault;
				"INFOPLIST_KEY_UIStatusBarStyle[sdk=iphonesimulator*]" = UIStatusBarStyleDefault;
				INFOPLIST_KEY_UISupportedInterfaceOrientations_iPad = "UIInterfaceOrientationPortrait UIInterfaceOrientationPortraitUpsideDown UIInterfaceOrientationLandscapeLeft UIInterfaceOrientationLandscapeRight";
				INFOPLIST_KEY_UISupportedInterfaceOrientations_iPhone = "UIInterfaceOrientationPortrait UIInterfaceOrientationLandscapeLeft UIInterfaceOrientationLandscapeRight";
				IPHONEOS_DEPLOYMENT_TARGET = 16.0;
				LD_RUNPATH_SEARCH_PATHS = "@executable_path/Frameworks";
				"LD_RUNPATH_SEARCH_PATHS[sdk=macosx*]" = "@executable_path/../Frameworks";
				MACOSX_DEPLOYMENT_TARGET = 12.3;
				MARKETING_VERSION = 1.0;
				PRODUCT_BUNDLE_IDENTIFIER = "me.kyleggiero.coding-test.Castro-Labs.2023-05-18.Bent";
				PRODUCT_NAME = "$(TARGET_NAME)";
				SDKROOT = auto;
				SUPPORTED_PLATFORMS = "iphoneos iphonesimulator macosx";
				SWIFT_EMIT_LOC_STRINGS = YES;
				SWIFT_OPTIMIZATION_LEVEL = "-Onone";
				SWIFT_VERSION = 5.0;
				TARGETED_DEVICE_FAMILY = "1,2";
			};
			name = Debug;
		};
		B9DFB3682A17F53F00D18E0B /* Release */ = {
			isa = XCBuildConfiguration;
			buildSettings = {
				ASSETCATALOG_COMPILER_APPICON_NAME = AppIcon;
				ASSETCATALOG_COMPILER_GLOBAL_ACCENT_COLOR_NAME = AccentColor;
				CLANG_ENABLE_MODULES = YES;
				CODE_SIGN_ENTITLEMENTS = Bent/Bent.entitlements;
				CODE_SIGN_STYLE = Automatic;
				CURRENT_PROJECT_VERSION = 1;
				DEVELOPMENT_ASSET_PATHS = "\"Bent/Preview Content\"";
				DEVELOPMENT_TEAM = 26V9MK8TGP;
				ENABLE_HARDENED_RUNTIME = YES;
				ENABLE_PREVIEWS = YES;
				GENERATE_INFOPLIST_FILE = YES;
				"INFOPLIST_KEY_UIApplicationSceneManifest_Generation[sdk=iphoneos*]" = YES;
				"INFOPLIST_KEY_UIApplicationSceneManifest_Generation[sdk=iphonesimulator*]" = YES;
				"INFOPLIST_KEY_UIApplicationSupportsIndirectInputEvents[sdk=iphoneos*]" = YES;
				"INFOPLIST_KEY_UIApplicationSupportsIndirectInputEvents[sdk=iphonesimulator*]" = YES;
				"INFOPLIST_KEY_UILaunchScreen_Generation[sdk=iphoneos*]" = YES;
				"INFOPLIST_KEY_UILaunchScreen_Generation[sdk=iphonesimulator*]" = YES;
				"INFOPLIST_KEY_UIStatusBarStyle[sdk=iphoneos*]" = UIStatusBarStyleDefault;
				"INFOPLIST_KEY_UIStatusBarStyle[sdk=iphonesimulator*]" = UIStatusBarStyleDefault;
				INFOPLIST_KEY_UISupportedInterfaceOrientations_iPad = "UIInterfaceOrientationPortrait UIInterfaceOrientationPortraitUpsideDown UIInterfaceOrientationLandscapeLeft UIInterfaceOrientationLandscapeRight";
				INFOPLIST_KEY_UISupportedInterfaceOrientations_iPhone = "UIInterfaceOrientationPortrait UIInterfaceOrientationLandscapeLeft UIInterfaceOrientationLandscapeRight";
				IPHONEOS_DEPLOYMENT_TARGET = 16.0;
				LD_RUNPATH_SEARCH_PATHS = "@executable_path/Frameworks";
				"LD_RUNPATH_SEARCH_PATHS[sdk=macosx*]" = "@executable_path/../Frameworks";
				MACOSX_DEPLOYMENT_TARGET = 12.3;
				MARKETING_VERSION = 1.0;
				PRODUCT_BUNDLE_IDENTIFIER = "me.kyleggiero.coding-test.Castro-Labs.2023-05-18.Bent";
				PRODUCT_NAME = "$(TARGET_NAME)";
				SDKROOT = auto;
				SUPPORTED_PLATFORMS = "iphoneos iphonesimulator macosx";
				SWIFT_EMIT_LOC_STRINGS = YES;
				SWIFT_VERSION = 5.0;
				TARGETED_DEVICE_FAMILY = "1,2";
			};
			name = Release;
		};
		B9DFB36A2A17F53F00D18E0B /* Debug */ = {
			isa = XCBuildConfiguration;
			buildSettings = {
				ALWAYS_EMBED_SWIFT_STANDARD_LIBRARIES = YES;
				BUNDLE_LOADER = "$(TEST_HOST)";
				CODE_SIGN_STYLE = Automatic;
				CURRENT_PROJECT_VERSION = 1;
				DEVELOPMENT_TEAM = 26V9MK8TGP;
				GENERATE_INFOPLIST_FILE = YES;
				IPHONEOS_DEPLOYMENT_TARGET = 16.0;
				MACOSX_DEPLOYMENT_TARGET = 12.3;
				MARKETING_VERSION = 1.0;
				PRODUCT_BUNDLE_IDENTIFIER = "me.kyleggiero.coding-test.Castro-Labs.2023-05-18.BentTests";
				PRODUCT_NAME = "$(TARGET_NAME)";
				SDKROOT = auto;
				SUPPORTED_PLATFORMS = "iphoneos iphonesimulator macosx";
				SWIFT_EMIT_LOC_STRINGS = NO;
				SWIFT_VERSION = 5.0;
				TARGETED_DEVICE_FAMILY = "1,2";
				TEST_HOST = "$(BUILT_PRODUCTS_DIR)/Bent.app/$(BUNDLE_EXECUTABLE_FOLDER_PATH)/Bent";
			};
			name = Debug;
		};
		B9DFB36B2A17F53F00D18E0B /* Release */ = {
			isa = XCBuildConfiguration;
			buildSettings = {
				ALWAYS_EMBED_SWIFT_STANDARD_LIBRARIES = YES;
				BUNDLE_LOADER = "$(TEST_HOST)";
				CODE_SIGN_STYLE = Automatic;
				CURRENT_PROJECT_VERSION = 1;
				DEVELOPMENT_TEAM = 26V9MK8TGP;
				GENERATE_INFOPLIST_FILE = YES;
				IPHONEOS_DEPLOYMENT_TARGET = 16.0;
				MACOSX_DEPLOYMENT_TARGET = 12.3;
				MARKETING_VERSION = 1.0;
				PRODUCT_BUNDLE_IDENTIFIER = "me.kyleggiero.coding-test.Castro-Labs.2023-05-18.BentTests";
				PRODUCT_NAME = "$(TARGET_NAME)";
				SDKROOT = auto;
				SUPPORTED_PLATFORMS = "iphoneos iphonesimulator macosx";
				SWIFT_EMIT_LOC_STRINGS = NO;
				SWIFT_VERSION = 5.0;
				TARGETED_DEVICE_FAMILY = "1,2";
				TEST_HOST = "$(BUILT_PRODUCTS_DIR)/Bent.app/$(BUNDLE_EXECUTABLE_FOLDER_PATH)/Bent";
			};
			name = Release;
		};
		B9DFB36D2A17F53F00D18E0B /* Debug */ = {
			isa = XCBuildConfiguration;
			buildSettings = {
				ALWAYS_EMBED_SWIFT_STANDARD_LIBRARIES = YES;
				CODE_SIGN_STYLE = Automatic;
				CURRENT_PROJECT_VERSION = 1;
				DEVELOPMENT_TEAM = 26V9MK8TGP;
				GENERATE_INFOPLIST_FILE = YES;
				IPHONEOS_DEPLOYMENT_TARGET = 16.0;
				MACOSX_DEPLOYMENT_TARGET = 12.3;
				MARKETING_VERSION = 1.0;
				PRODUCT_BUNDLE_IDENTIFIER = "me.kyleggiero.coding-test.Castro-Labs.2023-05-18.BentUITests";
				PRODUCT_NAME = "$(TARGET_NAME)";
				SDKROOT = auto;
				SUPPORTED_PLATFORMS = "iphoneos iphonesimulator macosx";
				SWIFT_EMIT_LOC_STRINGS = NO;
				SWIFT_VERSION = 5.0;
				TARGETED_DEVICE_FAMILY = "1,2";
				TEST_TARGET_NAME = Bent;
			};
			name = Debug;
		};
		B9DFB36E2A17F53F00D18E0B /* Release */ = {
			isa = XCBuildConfiguration;
			buildSettings = {
				ALWAYS_EMBED_SWIFT_STANDARD_LIBRARIES = YES;
				CODE_SIGN_STYLE = Automatic;
				CURRENT_PROJECT_VERSION = 1;
				DEVELOPMENT_TEAM = 26V9MK8TGP;
				GENERATE_INFOPLIST_FILE = YES;
				IPHONEOS_DEPLOYMENT_TARGET = 16.0;
				MACOSX_DEPLOYMENT_TARGET = 12.3;
				MARKETING_VERSION = 1.0;
				PRODUCT_BUNDLE_IDENTIFIER = "me.kyleggiero.coding-test.Castro-Labs.2023-05-18.BentUITests";
				PRODUCT_NAME = "$(TARGET_NAME)";
				SDKROOT = auto;
				SUPPORTED_PLATFORMS = "iphoneos iphonesimulator macosx";
				SWIFT_EMIT_LOC_STRINGS = NO;
				SWIFT_VERSION = 5.0;
				TARGETED_DEVICE_FAMILY = "1,2";
				TEST_TARGET_NAME = Bent;
			};
			name = Release;
		};
/* End XCBuildConfiguration section */

/* Begin XCConfigurationList section */
		B9DFB33C2A17F53E00D18E0B /* Build configuration list for PBXProject "Bent" */ = {
			isa = XCConfigurationList;
			buildConfigurations = (
				B9DFB3642A17F53F00D18E0B /* Debug */,
				B9DFB3652A17F53F00D18E0B /* Release */,
			);
			defaultConfigurationIsVisible = 0;
			defaultConfigurationName = Release;
		};
		B9DFB3662A17F53F00D18E0B /* Build configuration list for PBXNativeTarget "Bent" */ = {
			isa = XCConfigurationList;
			buildConfigurations = (
				B9DFB3672A17F53F00D18E0B /* Debug */,
				B9DFB3682A17F53F00D18E0B /* Release */,
			);
			defaultConfigurationIsVisible = 0;
			defaultConfigurationName = Release;
		};
		B9DFB3692A17F53F00D18E0B /* Build configuration list for PBXNativeTarget "BentTests" */ = {
			isa = XCConfigurationList;
			buildConfigurations = (
				B9DFB36A2A17F53F00D18E0B /* Debug */,
				B9DFB36B2A17F53F00D18E0B /* Release */,
			);
			defaultConfigurationIsVisible = 0;
			defaultConfigurationName = Release;
		};
		B9DFB36C2A17F53F00D18E0B /* Build configuration list for PBXNativeTarget "BentUITests" */ = {
			isa = XCConfigurationList;
			buildConfigurations = (
				B9DFB36D2A17F53F00D18E0B /* Debug */,
				B9DFB36E2A17F53F00D18E0B /* Release */,
			);
			defaultConfigurationIsVisible = 0;
			defaultConfigurationName = Release;
		};
/* End XCConfigurationList section */

/* Begin XCRemoteSwiftPackageReference section */
		B90A458D2A17F6FC0015C1B6 /* XCRemoteSwiftPackageReference "Swift-Cross-Kit-Types" */ = {
			isa = XCRemoteSwiftPackageReference;
			repositoryURL = "https://github.com/RougeWare/Swift-Cross-Kit-Types.git";
			requirement = {
				kind = upToNextMajorVersion;
				minimumVersion = 1.0.0;
			};
		};
		B90A45902A17F7260015C1B6 /* XCRemoteSwiftPackageReference "Swift-Optional-Tools" */ = {
			isa = XCRemoteSwiftPackageReference;
			repositoryURL = "https://github.com/RougeWare/Swift-Optional-Tools.git";
			requirement = {
				kind = upToNextMajorVersion;
				minimumVersion = 1.1.3;
			};
		};
		B90A45932A17F7530015C1B6 /* XCRemoteSwiftPackageReference "Swift-Safe-Pointer" */ = {
			isa = XCRemoteSwiftPackageReference;
			repositoryURL = "https://github.com/RougeWare/Swift-Safe-Pointer.git";
			requirement = {
				kind = upToNextMajorVersion;
				minimumVersion = 2.1.3;
			};
		};
		B90A45982A17FACE0015C1B6 /* XCRemoteSwiftPackageReference "Swift-Basic-Math-Tools" */ = {
			isa = XCRemoteSwiftPackageReference;
			repositoryURL = "https://github.com/RougeWare/Swift-Basic-Math-Tools";
			requirement = {
				kind = upToNextMajorVersion;
				minimumVersion = 1.2.0;
			};
		};
		B90A45A92A1824CF0015C1B6 /* XCRemoteSwiftPackageReference "Swift-SerializationTools" */ = {
			isa = XCRemoteSwiftPackageReference;
			repositoryURL = "https://github.com/RougeWare/Swift-SerializationTools.git";
			requirement = {
				kind = upToNextMajorVersion;
				minimumVersion = 1.1.1;
			};
		};
		B9DFB3932A17F61100D18E0B /* XCRemoteSwiftPackageReference "Swift-GenderTools" */ = {
			isa = XCRemoteSwiftPackageReference;
			repositoryURL = "https://github.com/RougeWare/Swift-GenderTools.git";
			requirement = {
				kind = upToNextMajorVersion;
				minimumVersion = 0.0.2;
			};
		};
		B9DFB3962A17F62300D18E0B /* XCRemoteSwiftPackageReference "Swift-Simple-Logging" */ = {
			isa = XCRemoteSwiftPackageReference;
			repositoryURL = "https://github.com/RougeWare/Swift-Simple-Logging";
			requirement = {
				kind = upToNextMinorVersion;
				minimumVersion = 0.5.2;
			};
		};
/* End XCRemoteSwiftPackageReference section */

/* Begin XCSwiftPackageProductDependency section */
		B90A458E2A17F6FC0015C1B6 /* CrossKitTypes */ = {
			isa = XCSwiftPackageProductDependency;
			package = B90A458D2A17F6FC0015C1B6 /* XCRemoteSwiftPackageReference "Swift-Cross-Kit-Types" */;
			productName = CrossKitTypes;
		};
		B90A45912A17F7260015C1B6 /* OptionalTools */ = {
			isa = XCSwiftPackageProductDependency;
			package = B90A45902A17F7260015C1B6 /* XCRemoteSwiftPackageReference "Swift-Optional-Tools" */;
			productName = OptionalTools;
		};
		B90A45942A17F7530015C1B6 /* SafePointer */ = {
			isa = XCSwiftPackageProductDependency;
			package = B90A45932A17F7530015C1B6 /* XCRemoteSwiftPackageReference "Swift-Safe-Pointer" */;
			productName = SafePointer;
		};
		B90A45992A17FACE0015C1B6 /* BasicMathTools */ = {
			isa = XCSwiftPackageProductDependency;
			package = B90A45982A17FACE0015C1B6 /* XCRemoteSwiftPackageReference "Swift-Basic-Math-Tools" */;
			productName = BasicMathTools;
		};
		B90A45AA2A1824CF0015C1B6 /* SerializationTools */ = {
			isa = XCSwiftPackageProductDependency;
			package = B90A45A92A1824CF0015C1B6 /* XCRemoteSwiftPackageReference "Swift-SerializationTools" */;
			productName = SerializationTools;
		};
		B9DFB3942A17F61100D18E0B /* GenderTools */ = {
			isa = XCSwiftPackageProductDependency;
			package = B9DFB3932A17F61100D18E0B /* XCRemoteSwiftPackageReference "Swift-GenderTools" */;
			productName = GenderTools;
		};
		B9DFB3972A17F62300D18E0B /* SimpleLogging */ = {
			isa = XCSwiftPackageProductDependency;
			package = B9DFB3962A17F62300D18E0B /* XCRemoteSwiftPackageReference "Swift-Simple-Logging" */;
			productName = SimpleLogging;
		};
/* End XCSwiftPackageProductDependency section */
	};
	rootObject = B9DFB3392A17F53E00D18E0B /* Project object */;
}
